
Microsoft Visual Studio Solution File, Format Version 12.00
# Visual Studio Version 16
VisualStudioVersion = 16.0.30621.155
MinimumVisualStudioVersion = 10.0.40219.1
Project("{FAE04EC0-301F-11D3-BF4B-00C04F79EFBC}") = "FysiodataAPI", "FysiodataAPI.csproj", "{80B9586A-AC95-4CD0-81E6-1C10C76E83DB}"
EndProject
Global
	GlobalSection(SolutionConfigurationPlatforms) = preSolution
		Debug|Any CPU = Debug|Any CPU
		Release|Any CPU = Release|Any CPU
	EndGlobalSection
	GlobalSection(ProjectConfigurationPlatforms) = postSolution
		{80B9586A-AC95-4CD0-81E6-1C10C76E83DB}.Debug|Any CPU.ActiveCfg = Debug|Any CPU
		{80B9586A-AC95-4CD0-81E6-1C10C76E83DB}.Debug|Any CPU.Build.0 = Debug|Any CPU
		{80B9586A-AC95-4CD0-81E6-1C10C76E83DB}.Release|Any CPU.ActiveCfg = Release|Any CPU
		{80B9586A-AC95-4CD0-81E6-1C10C76E83DB}.Release|Any CPU.Build.0 = Release|Any CPU
	EndGlobalSection
	GlobalSection(SolutionProperties) = preSolution
		HideSolutionNode = FALSE
	EndGlobalSection
	GlobalSection(ExtensibilityGlobals) = postSolution
		SolutionGuid = {74121D4C-ECDD-4839-A9C9-20601F79AFFA}
	EndGlobalSection
EndGlobal
